{
  "pins" : [
    {
      "identity" : "cartography",
      "kind" : "remoteSourceControl",
      "location" : "https://github.com/anomaddev/Cartography.git",
      "state" : {
        "revision" : "11056703e53685b527c07bda007524542153b1ff",
        "version" : "4.0.1"
      }
    },
    {
      "identity" : "defaults",
      "kind" : "remoteSourceControl",
      "location" : "https://github.com/sindresorhus/Defaults.git",
      "state" : {
        "revision" : "38925e3cfacf3fb89a81a35b1cd44fd5a5b7e0fa",
        "version" : "8.2.0"
      }
    },
    {
      "identity" : "fapanels",
      "kind" : "remoteSourceControl",
      "location" : "https://github.com/anomaddev/FAPanels.git",
      "state" : {
        "branch" : "master",
        "revision" : "387db53412b0735c2e6febb15ef5ed90d06e2848"
      }
    },
    {
      "identity" : "nvactivityindicatorview",
      "kind" : "remoteSourceControl",
      "location" : "https://github.com/ninjaprox/NVActivityIndicatorView.git",
      "state" : {
        "branch" : "master",
        "revision" : "e36ea122fa831ac587f82dbc3fb3af37a6de35fb"
      }
    },
    {
      "identity" : "swipecellkit",
      "kind" : "remoteSourceControl",
      "location" : "https://github.com/SwipeCellKit/SwipeCellKit.git",
      "state" : {
        "branch" : "develop",
        "revision" : "6d632bdf1b7309505566b0248a00f61b67415a37"
      }
    },
    {
      "identity" : "uicolor-hex-swift",
      "kind" : "remoteSourceControl",
      "location" : "https://github.com/yeahdongcn/UIColor-Hex-Swift.git",
      "state" : {
        "revision" : "f37f97bc1a5b545b39ab5330e133e56fa4f38cff",
        "version" : "5.1.9"
      }
    }
  ],
  "version" : 2
}
